
Microsoft Visual Studio Solution File, Format Version 12.00
Project("{FAE04EC0-301F-11D3-BF4B-00C04F79EFBC}") = "SOLID", "SOLID\SOLID.csproj", "{453FFCC4-5821-4101-871F-D5C05979F85B}"
EndProject
Project("{FAE04EC0-301F-11D3-BF4B-00C04F79EFBC}") = "SOLID2", "SOLID2\SOLID2.csproj", "{CA148AF4-4BFD-40C4-A548-6F9FB87C589E}"
EndProject
Project("{FAE04EC0-301F-11D3-BF4B-00C04F79EFBC}") = "SOLID3", "SOLID3\SOLID3.csproj", "{CB833D22-4781-4206-B9D3-BA61DD2B4533}"
EndProject
Project("{FAE04EC0-301F-11D3-BF4B-00C04F79EFBC}") = "SOLID4", "SOLID4\SOLID4.csproj", "{4B21A9D3-636B-4734-A2A2-64C5E867C072}"
EndProject
Global
	GlobalSection(SolutionConfigurationPlatforms) = preSolution
		Debug|Any CPU = Debug|Any CPU
		Release|Any CPU = Release|Any CPU
	EndGlobalSection
	GlobalSection(ProjectConfigurationPlatforms) = postSolution
		{453FFCC4-5821-4101-871F-D5C05979F85B}.Debug|Any CPU.ActiveCfg = Debug|Any CPU
		{453FFCC4-5821-4101-871F-D5C05979F85B}.Debug|Any CPU.Build.0 = Debug|Any CPU
		{453FFCC4-5821-4101-871F-D5C05979F85B}.Release|Any CPU.ActiveCfg = Release|Any CPU
		{453FFCC4-5821-4101-871F-D5C05979F85B}.Release|Any CPU.Build.0 = Release|Any CPU
		{CA148AF4-4BFD-40C4-A548-6F9FB87C589E}.Debug|Any CPU.ActiveCfg = Debug|Any CPU
		{CA148AF4-4BFD-40C4-A548-6F9FB87C589E}.Debug|Any CPU.Build.0 = Debug|Any CPU
		{CA148AF4-4BFD-40C4-A548-6F9FB87C589E}.Release|Any CPU.ActiveCfg = Release|Any CPU
		{CA148AF4-4BFD-40C4-A548-6F9FB87C589E}.Release|Any CPU.Build.0 = Release|Any CPU
		{CB833D22-4781-4206-B9D3-BA61DD2B4533}.Debug|Any CPU.ActiveCfg = Debug|Any CPU
		{CB833D22-4781-4206-B9D3-BA61DD2B4533}.Debug|Any CPU.Build.0 = Debug|Any CPU
		{CB833D22-4781-4206-B9D3-BA61DD2B4533}.Release|Any CPU.ActiveCfg = Release|Any CPU
		{CB833D22-4781-4206-B9D3-BA61DD2B4533}.Release|Any CPU.Build.0 = Release|Any CPU
		{4B21A9D3-636B-4734-A2A2-64C5E867C072}.Debug|Any CPU.ActiveCfg = Debug|Any CPU
		{4B21A9D3-636B-4734-A2A2-64C5E867C072}.Debug|Any CPU.Build.0 = Debug|Any CPU
		{4B21A9D3-636B-4734-A2A2-64C5E867C072}.Release|Any CPU.ActiveCfg = Release|Any CPU
		{4B21A9D3-636B-4734-A2A2-64C5E867C072}.Release|Any CPU.Build.0 = Release|Any CPU
	EndGlobalSection
EndGlobal
